{
	"name": "rosetta",
	"version": "1.0.0",
	"lockfileVersion": 2,
	"requires": true,
	"packages": {
		"": {
			"name": "rosetta",
			"version": "1.0.0",
			"license": "MIT",
			"workspaces": [
				"packages/*"
			]
		},
		"node_modules/@rosetta/rosettac": {
			"resolved": "packages/rosettac",
			"link": true
		},
		"node_modules/@rosetta/rosettac-as": {
			"resolved": "packages/rosettac-as",
			"link": true
		},
		"node_modules/@rosetta/rosettac-js": {
			"resolved": "packages/rosettac-js",
			"link": true
		},
		"node_modules/@rosetta/rosettac-kt": {
			"resolved": "packages/rosettac-kt",
			"link": true
		},
		"node_modules/@rosetta/rosettac-py": {
			"resolved": "packages/rosettac-py",
			"link": true
		},
		"node_modules/@rosetta/rosettac-ts": {
			"resolved": "packages/rosettac-ts",
			"link": true
		},
		"node_modules/@rosetta/rosettac-uast": {
			"resolved": "packages/rosettac-uast",
			"link": true
		},
		"node_modules/bindings": {
			"version": "1.5.0",
			"resolved": "https://registry.npmjs.org/bindings/-/bindings-1.5.0.tgz",
			"integrity": "sha512-p2q/t/mhvuOj/UeLlV6566GD/guowlr0hHxClI0W9m7MWYkL1F0hLo+0Aexs9HSPCtR1SXQ0TD3MMKrXZajbiQ==",
			"dependencies": {
				"file-uri-to-path": "1.0.0"
			}
		},
		"node_modules/file-uri-to-path": {
			"version": "1.0.0",
			"resolved": "https://registry.npmjs.org/file-uri-to-path/-/file-uri-to-path-1.0.0.tgz",
			"integrity": "sha512-0Zt+s3L7Vf1biwWZ29aARiVYLx7iMGnEUl9x33fbB/j3jR81u/O2LbqK+Bm1CDSNDKVtJ/YjwY7TUd5SkeLQLw=="
		},
		"node_modules/node-stringbuilder": {
			"version": "2.2.6",
			"resolved": "https://registry.npmjs.org/node-stringbuilder/-/node-stringbuilder-2.2.6.tgz",
			"integrity": "sha512-gTaUi84EEohkkK7pZwvivo6lm6FXAZS8W4s+flbYgx30TRSP4NIMxsl0kKKuwiT8V+2nm3cwrl4Dryz5sC5fZw==",
			"hasInstallScript": true,
			"dependencies": {
				"bindings": "^1.3.0"
			},
			"engines": {
				"node": ">=8.6.0"
			}
		},
		"packages/rosettac": {
			"name": "@rosetta/rosettac",
			"version": "1.0.0",
			"license": "MIT",
			"dependencies": {
				"node-stringbuilder": "^2.2.6"
			}
		},
		"packages/rosettac-as": {
			"name": "@rosetta/rosettac-as",
			"version": "1.0.0",
			"license": "MIT",
			"dependencies": {
				"@rosetta/rosettac-uast": "file:packages/rosettac-uast"
			}
		},
		"packages/rosettac-as/node_modules/@rosetta/rosettac-uast": {
			"resolved": "packages/rosettac-as/packages/rosettac-uast",
			"link": true
		},
		"packages/rosettac-as/packages/rosettac-uast": {},
		"packages/rosettac-js": {
			"name": "@rosetta/rosettac-js",
			"version": "1.0.0",
			"license": "MIT",
			"dependencies": {
				"@rosetta/rosettac-uast": "file:packages/rosettac-uast"
			}
		},
		"packages/rosettac-js/node_modules/@rosetta/rosettac-uast": {
			"resolved": "packages/rosettac-js/packages/rosettac-uast",
			"link": true
		},
		"packages/rosettac-js/packages/rosettac-uast": {},
		"packages/rosettac-kt": {
			"name": "@rosetta/rosettac-kt",
			"version": "1.0.0",
			"license": "MIT",
			"dependencies": {
				"@rosetta/rosettac-uast": "file:packages/rosettac-uast"
			}
		},
		"packages/rosettac-kt/node_modules/@rosetta/rosettac-uast": {
			"resolved": "packages/rosettac-kt/packages/rosettac-uast",
			"link": true
		},
		"packages/rosettac-kt/packages/rosettac-uast": {},
		"packages/rosettac-py": {
			"name": "@rosetta/rosettac-py",
			"version": "1.0.0",
			"license": "MIT",
			"dependencies": {
				"@rosetta/rosettac-uast": "file:packages/rosettac-uast"
			}
		},
		"packages/rosettac-py/node_modules/@rosetta/rosettac-uast": {
			"resolved": "packages/rosettac-py/packages/rosettac-uast",
			"link": true
		},
		"packages/rosettac-py/packages/rosettac-uast": {},
		"packages/rosettac-ts": {
			"name": "@rosetta/rosettac-ts",
			"version": "1.0.0",
			"license": "MIT",
			"dependencies": {
				"@rosetta/rosettac-uast": "file:packages/rosettac-uast"
			}
		},
		"packages/rosettac-ts/node_modules/@rosetta/rosettac-uast": {
			"resolved": "packages/rosettac-ts/packages/rosettac-uast",
			"link": true
		},
		"packages/rosettac-ts/packages/rosettac-uast": {},
		"packages/rosettac-uast": {
			"name": "@rosetta/rosettac-uast",
			"version": "1.0.0",
			"license": "MIT"
		}
	},
	"dependencies": {
		"@rosetta/rosettac": {
			"version": "file:packages/rosettac",
			"requires": {
				"node-stringbuilder": "^2.2.6"
			}
		},
		"@rosetta/rosettac-as": {
			"version": "file:packages/rosettac-as",
			"requires": {
				"@rosetta/rosettac-uast": "file:packages/rosettac-uast"
			},
			"dependencies": {
				"@rosetta/rosettac-uast": {
					"version": "file:packages/rosettac-as/packages/rosettac-uast"
				}
			}
		},
		"@rosetta/rosettac-js": {
			"version": "file:packages/rosettac-js",
			"requires": {
				"@rosetta/rosettac-uast": "file:packages/rosettac-uast"
			},
			"dependencies": {
				"@rosetta/rosettac-uast": {
					"version": "file:packages/rosettac-js/packages/rosettac-uast"
				}
			}
		},
		"@rosetta/rosettac-kt": {
			"version": "file:packages/rosettac-kt",
			"requires": {
				"@rosetta/rosettac-uast": "file:packages/rosettac-uast"
			},
			"dependencies": {
				"@rosetta/rosettac-uast": {
					"version": "file:packages/rosettac-kt/packages/rosettac-uast"
				}
			}
		},
		"@rosetta/rosettac-py": {
			"version": "file:packages/rosettac-py",
			"requires": {
				"@rosetta/rosettac-uast": "file:packages/rosettac-uast"
			},
			"dependencies": {
				"@rosetta/rosettac-uast": {
					"version": "file:packages/rosettac-py/packages/rosettac-uast"
				}
			}
		},
		"@rosetta/rosettac-ts": {
			"version": "file:packages/rosettac-ts",
			"requires": {
				"@rosetta/rosettac-uast": "file:packages/rosettac-uast"
			},
			"dependencies": {
				"@rosetta/rosettac-uast": {
					"version": "file:packages/rosettac-ts/packages/rosettac-uast"
				}
			}
		},
		"@rosetta/rosettac-uast": {
			"version": "file:packages/rosettac-uast"
		},
		"bindings": {
			"version": "1.5.0",
			"resolved": "https://registry.npmjs.org/bindings/-/bindings-1.5.0.tgz",
			"integrity": "sha512-p2q/t/mhvuOj/UeLlV6566GD/guowlr0hHxClI0W9m7MWYkL1F0hLo+0Aexs9HSPCtR1SXQ0TD3MMKrXZajbiQ==",
			"requires": {
				"file-uri-to-path": "1.0.0"
			}
		},
		"file-uri-to-path": {
			"version": "1.0.0",
			"resolved": "https://registry.npmjs.org/file-uri-to-path/-/file-uri-to-path-1.0.0.tgz",
			"integrity": "sha512-0Zt+s3L7Vf1biwWZ29aARiVYLx7iMGnEUl9x33fbB/j3jR81u/O2LbqK+Bm1CDSNDKVtJ/YjwY7TUd5SkeLQLw=="
		},
		"node-stringbuilder": {
			"version": "2.2.6",
			"resolved": "https://registry.npmjs.org/node-stringbuilder/-/node-stringbuilder-2.2.6.tgz",
			"integrity": "sha512-gTaUi84EEohkkK7pZwvivo6lm6FXAZS8W4s+flbYgx30TRSP4NIMxsl0kKKuwiT8V+2nm3cwrl4Dryz5sC5fZw==",
			"requires": {
				"bindings": "^1.3.0"
			}
		}
	}
}
